
Microsoft Visual Studio Solution File, Format Version 12.00
# Visual Studio Version 16
VisualStudioVersion = 16.0.29403.142
MinimumVisualStudioVersion = 10.0.40219.1
Project("{FAE04EC0-301F-11D3-BF4B-00C04F79EFBC}") = "BuildServer", "BuildServer\BuildServer.csproj", "{B3618D6E-76DA-49B5-AA58-75DCC2F32942}"
EndProject
Global
	GlobalSection(SolutionConfigurationPlatforms) = preSolution
		Debug|Any CPU = Debug|Any CPU
		Release|Any CPU = Release|Any CPU
	EndGlobalSection
	GlobalSection(ProjectConfigurationPlatforms) = postSolution
		{B3618D6E-76DA-49B5-AA58-75DCC2F32942}.Debug|Any CPU.ActiveCfg = Debug|Any CPU
		{B3618D6E-76DA-49B5-AA58-75DCC2F32942}.Debug|Any CPU.Build.0 = Debug|Any CPU
		{B3618D6E-76DA-49B5-AA58-75DCC2F32942}.Release|Any CPU.ActiveCfg = Release|Any CPU
		{B3618D6E-76DA-49B5-AA58-75DCC2F32942}.Release|Any CPU.Build.0 = Release|Any CPU
	EndGlobalSection
	GlobalSection(SolutionProperties) = preSolution
		HideSolutionNode = FALSE
	EndGlobalSection
	GlobalSection(ExtensibilityGlobals) = postSolution
		SolutionGuid = {D7F2DAAA-592C-440B-B695-00BC62C58E0A}
	EndGlobalSection
EndGlobal
