
Microsoft Visual Studio Solution File, Format Version 12.00
# Visual Studio Version 16
VisualStudioVersion = 16.0.29424.173
MinimumVisualStudioVersion = 10.0.40219.1
Project("{FAE04EC0-301F-11D3-BF4B-00C04F79EFBC}") = "BuildServer", "BuildServer\BuildServer.csproj", "{84862508-A098-491D-B42B-D9FE41DC0FAF}"
EndProject
Global
	GlobalSection(SolutionConfigurationPlatforms) = preSolution
		Debug|Any CPU = Debug|Any CPU
		Release|Any CPU = Release|Any CPU
	EndGlobalSection
	GlobalSection(ProjectConfigurationPlatforms) = postSolution
		{84862508-A098-491D-B42B-D9FE41DC0FAF}.Debug|Any CPU.ActiveCfg = Debug|Any CPU
		{84862508-A098-491D-B42B-D9FE41DC0FAF}.Debug|Any CPU.Build.0 = Debug|Any CPU
		{84862508-A098-491D-B42B-D9FE41DC0FAF}.Release|Any CPU.ActiveCfg = Release|Any CPU
		{84862508-A098-491D-B42B-D9FE41DC0FAF}.Release|Any CPU.Build.0 = Release|Any CPU
	EndGlobalSection
	GlobalSection(SolutionProperties) = preSolution
		HideSolutionNode = FALSE
	EndGlobalSection
	GlobalSection(ExtensibilityGlobals) = postSolution
		SolutionGuid = {96E90600-E8AD-4E88-A065-E4CC98663EE0}
	EndGlobalSection
EndGlobal
